
Microsoft Visual Studio Solution File, Format Version 12.00
# Visual Studio Version 17
VisualStudioVersion = 17.10.35013.160
MinimumVisualStudioVersion = 10.0.40219.1
Project("{9A19103F-16F7-4668-BE54-9A1E7A4F7556}") = "RelianceCollege", "RelianceCollege\RelianceCollege.csproj", "{F71C1580-896B-48EA-8A59-6B888F18366A}"
EndProject
Project("{FAE04EC0-301F-11D3-BF4B-00C04F79EFBC}") = "DatabaseLayer", "DatabaseLayer\DatabaseLayer.csproj", "{18BFF7A5-321F-4EFF-894D-485FC86FD79B}"
EndProject
Project("{FAE04EC0-301F-11D3-BF4B-00C04F79EFBC}") = "BusinessLayer", "BusinessLayer\BusinessLayer.csproj", "{5C4DDB50-9649-4A99-B2F6-94F70142BE8A}"
EndProject
Global
	GlobalSection(SolutionConfigurationPlatforms) = preSolution
		Debug|Any CPU = Debug|Any CPU
		Release|Any CPU = Release|Any CPU
	EndGlobalSection
	GlobalSection(ProjectConfigurationPlatforms) = postSolution
		{F71C1580-896B-48EA-8A59-6B888F18366A}.Debug|Any CPU.ActiveCfg = Debug|Any CPU
		{F71C1580-896B-48EA-8A59-6B888F18366A}.Debug|Any CPU.Build.0 = Debug|Any CPU
		{F71C1580-896B-48EA-8A59-6B888F18366A}.Release|Any CPU.ActiveCfg = Release|Any CPU
		{F71C1580-896B-48EA-8A59-6B888F18366A}.Release|Any CPU.Build.0 = Release|Any CPU
		{18BFF7A5-321F-4EFF-894D-485FC86FD79B}.Debug|Any CPU.ActiveCfg = Debug|Any CPU
		{18BFF7A5-321F-4EFF-894D-485FC86FD79B}.Debug|Any CPU.Build.0 = Debug|Any CPU
		{18BFF7A5-321F-4EFF-894D-485FC86FD79B}.Release|Any CPU.ActiveCfg = Release|Any CPU
		{18BFF7A5-321F-4EFF-894D-485FC86FD79B}.Release|Any CPU.Build.0 = Release|Any CPU
		{5C4DDB50-9649-4A99-B2F6-94F70142BE8A}.Debug|Any CPU.ActiveCfg = Debug|Any CPU
		{5C4DDB50-9649-4A99-B2F6-94F70142BE8A}.Debug|Any CPU.Build.0 = Debug|Any CPU
		{5C4DDB50-9649-4A99-B2F6-94F70142BE8A}.Release|Any CPU.ActiveCfg = Release|Any CPU
		{5C4DDB50-9649-4A99-B2F6-94F70142BE8A}.Release|Any CPU.Build.0 = Release|Any CPU
	EndGlobalSection
	GlobalSection(SolutionProperties) = preSolution
		HideSolutionNode = FALSE
	EndGlobalSection
	GlobalSection(ExtensibilityGlobals) = postSolution
		SolutionGuid = {78C7736E-0E7E-4E90-BE3A-93CACAF8288E}
	EndGlobalSection
EndGlobal
